
Microsoft Visual Studio Solution File, Format Version 12.00
# Visual Studio Version 17
VisualStudioVersion = 17.11.35327.3
MinimumVisualStudioVersion = 10.0.40219.1
Project("{9A19103F-16F7-4668-BE54-9A1E7A4F7556}") = "ExaminationSystem", "ExaminationSystem\ExaminationSystem.csproj", "{ADA1966E-2414-46CA-B7A2-42A9BB3D67F1}"
EndProject
Project("{FAE04EC0-301F-11D3-BF4B-00C04F79EFBC}") = "Other", "Other\Other.csproj", "{5DB371E8-0502-4C9A-A985-8E2B3189D349}"
EndProject
Global
	GlobalSection(SolutionConfigurationPlatforms) = preSolution
		Debug|Any CPU = Debug|Any CPU
		Release|Any CPU = Release|Any CPU
	EndGlobalSection
	GlobalSection(ProjectConfigurationPlatforms) = postSolution
		{ADA1966E-2414-46CA-B7A2-42A9BB3D67F1}.Debug|Any CPU.ActiveCfg = Debug|Any CPU
		{ADA1966E-2414-46CA-B7A2-42A9BB3D67F1}.Debug|Any CPU.Build.0 = Debug|Any CPU
		{ADA1966E-2414-46CA-B7A2-42A9BB3D67F1}.Release|Any CPU.ActiveCfg = Release|Any CPU
		{ADA1966E-2414-46CA-B7A2-42A9BB3D67F1}.Release|Any CPU.Build.0 = Release|Any CPU
		{5DB371E8-0502-4C9A-A985-8E2B3189D349}.Debug|Any CPU.ActiveCfg = Debug|Any CPU
		{5DB371E8-0502-4C9A-A985-8E2B3189D349}.Debug|Any CPU.Build.0 = Debug|Any CPU
		{5DB371E8-0502-4C9A-A985-8E2B3189D349}.Release|Any CPU.ActiveCfg = Release|Any CPU
		{5DB371E8-0502-4C9A-A985-8E2B3189D349}.Release|Any CPU.Build.0 = Release|Any CPU
	EndGlobalSection
	GlobalSection(SolutionProperties) = preSolution
		HideSolutionNode = FALSE
	EndGlobalSection
	GlobalSection(ExtensibilityGlobals) = postSolution
		SolutionGuid = {AAA5F875-F195-405C-848A-4C3853F3A3DC}
	EndGlobalSection
EndGlobal
